
Microsoft Visual Studio Solution File, Format Version 12.00
# Visual Studio Version 17
VisualStudioVersion = 17.0.32112.339
MinimumVisualStudioVersion = 10.0.40219.1
Project("{9A19103F-16F7-4668-BE54-9A1E7A4F7556}") = "MultiThreading", "MultiThreading\MultiThreading.csproj", "{E25BCFD1-23F8-4B0A-993E-A58281A1D3D5}"
EndProject
Project("{9A19103F-16F7-4668-BE54-9A1E7A4F7556}") = "Practice", "Practice\Practice.csproj", "{F1040E41-2CAD-44FF-8C88-6F8B65167379}"
EndProject
Project("{FAE04EC0-301F-11D3-BF4B-00C04F79EFBC}") = "ThreadSafety", "ThreadSafety\ThreadSafety.csproj", "{1408A8B7-9790-494E-899B-AEE45AA89CEA}"
EndProject
Project("{9A19103F-16F7-4668-BE54-9A1E7A4F7556}") = "Thread_Safety Lock", "Thread_Safety Lock\Thread_Safety Lock.csproj", "{2138BE6B-CEA7-43B9-A39E-D7B499CAE9D9}"
EndProject
Project("{FAE04EC0-301F-11D3-BF4B-00C04F79EFBC}") = "Thread_Safety_MUTEX", "Thread_Safety_MUTEX\Thread_Safety_MUTEX.csproj", "{2D0013B2-F4E9-4846-806E-BD54EEF06722}"
EndProject
Global
	GlobalSection(SolutionConfigurationPlatforms) = preSolution
		Debug|Any CPU = Debug|Any CPU
		Release|Any CPU = Release|Any CPU
	EndGlobalSection
	GlobalSection(ProjectConfigurationPlatforms) = postSolution
		{E25BCFD1-23F8-4B0A-993E-A58281A1D3D5}.Debug|Any CPU.ActiveCfg = Debug|Any CPU
		{E25BCFD1-23F8-4B0A-993E-A58281A1D3D5}.Debug|Any CPU.Build.0 = Debug|Any CPU
		{E25BCFD1-23F8-4B0A-993E-A58281A1D3D5}.Release|Any CPU.ActiveCfg = Release|Any CPU
		{E25BCFD1-23F8-4B0A-993E-A58281A1D3D5}.Release|Any CPU.Build.0 = Release|Any CPU
		{F1040E41-2CAD-44FF-8C88-6F8B65167379}.Debug|Any CPU.ActiveCfg = Debug|Any CPU
		{F1040E41-2CAD-44FF-8C88-6F8B65167379}.Debug|Any CPU.Build.0 = Debug|Any CPU
		{F1040E41-2CAD-44FF-8C88-6F8B65167379}.Release|Any CPU.ActiveCfg = Release|Any CPU
		{F1040E41-2CAD-44FF-8C88-6F8B65167379}.Release|Any CPU.Build.0 = Release|Any CPU
		{1408A8B7-9790-494E-899B-AEE45AA89CEA}.Debug|Any CPU.ActiveCfg = Debug|Any CPU
		{1408A8B7-9790-494E-899B-AEE45AA89CEA}.Debug|Any CPU.Build.0 = Debug|Any CPU
		{1408A8B7-9790-494E-899B-AEE45AA89CEA}.Release|Any CPU.ActiveCfg = Release|Any CPU
		{1408A8B7-9790-494E-899B-AEE45AA89CEA}.Release|Any CPU.Build.0 = Release|Any CPU
		{2138BE6B-CEA7-43B9-A39E-D7B499CAE9D9}.Debug|Any CPU.ActiveCfg = Debug|Any CPU
		{2138BE6B-CEA7-43B9-A39E-D7B499CAE9D9}.Debug|Any CPU.Build.0 = Debug|Any CPU
		{2138BE6B-CEA7-43B9-A39E-D7B499CAE9D9}.Release|Any CPU.ActiveCfg = Release|Any CPU
		{2138BE6B-CEA7-43B9-A39E-D7B499CAE9D9}.Release|Any CPU.Build.0 = Release|Any CPU
		{2D0013B2-F4E9-4846-806E-BD54EEF06722}.Debug|Any CPU.ActiveCfg = Debug|Any CPU
		{2D0013B2-F4E9-4846-806E-BD54EEF06722}.Debug|Any CPU.Build.0 = Debug|Any CPU
		{2D0013B2-F4E9-4846-806E-BD54EEF06722}.Release|Any CPU.ActiveCfg = Release|Any CPU
		{2D0013B2-F4E9-4846-806E-BD54EEF06722}.Release|Any CPU.Build.0 = Release|Any CPU
	EndGlobalSection
	GlobalSection(SolutionProperties) = preSolution
		HideSolutionNode = FALSE
	EndGlobalSection
	GlobalSection(ExtensibilityGlobals) = postSolution
		SolutionGuid = {937A3BA1-953A-4D23-B59B-E485D276FC45}
	EndGlobalSection
EndGlobal
