
Microsoft Visual Studio Solution File, Format Version 12.00
# Visual Studio Version 17
VisualStudioVersion = 17.0.32112.339
MinimumVisualStudioVersion = 10.0.40219.1
Project("{9A19103F-16F7-4668-BE54-9A1E7A4F7556}") = "E Commerce App", "E Commerce App\E Commerce App.csproj", "{FFEEB865-8CD0-438D-A1D2-615EA3CAA9F2}"
EndProject
Project("{FAE04EC0-301F-11D3-BF4B-00C04F79EFBC}") = "Sample_Events", "Sample_Events\Sample_Events.csproj", "{C961E7B3-05CD-4417-B1B3-ECDE6B98E596}"
EndProject
Global
	GlobalSection(SolutionConfigurationPlatforms) = preSolution
		Debug|Any CPU = Debug|Any CPU
		Release|Any CPU = Release|Any CPU
	EndGlobalSection
	GlobalSection(ProjectConfigurationPlatforms) = postSolution
		{FFEEB865-8CD0-438D-A1D2-615EA3CAA9F2}.Debug|Any CPU.ActiveCfg = Debug|Any CPU
		{FFEEB865-8CD0-438D-A1D2-615EA3CAA9F2}.Debug|Any CPU.Build.0 = Debug|Any CPU
		{FFEEB865-8CD0-438D-A1D2-615EA3CAA9F2}.Release|Any CPU.ActiveCfg = Release|Any CPU
		{FFEEB865-8CD0-438D-A1D2-615EA3CAA9F2}.Release|Any CPU.Build.0 = Release|Any CPU
		{C961E7B3-05CD-4417-B1B3-ECDE6B98E596}.Debug|Any CPU.ActiveCfg = Debug|Any CPU
		{C961E7B3-05CD-4417-B1B3-ECDE6B98E596}.Debug|Any CPU.Build.0 = Debug|Any CPU
		{C961E7B3-05CD-4417-B1B3-ECDE6B98E596}.Release|Any CPU.ActiveCfg = Release|Any CPU
		{C961E7B3-05CD-4417-B1B3-ECDE6B98E596}.Release|Any CPU.Build.0 = Release|Any CPU
	EndGlobalSection
	GlobalSection(SolutionProperties) = preSolution
		HideSolutionNode = FALSE
	EndGlobalSection
	GlobalSection(ExtensibilityGlobals) = postSolution
		SolutionGuid = {57C32840-9B29-421F-A44F-6B4DA07E3A3E}
	EndGlobalSection
EndGlobal
