
Microsoft Visual Studio Solution File, Format Version 12.00
# Visual Studio Version 17
VisualStudioVersion = 17.0.32112.339
MinimumVisualStudioVersion = 10.0.40219.1
Project("{FAE04EC0-301F-11D3-BF4B-00C04F79EFBC}") = "Jokes App", "Jokes App\Jokes App.csproj", "{5E4A09EB-65C8-4FF6-AA2D-FAC7733803A8}"
EndProject
Global
	GlobalSection(SolutionConfigurationPlatforms) = preSolution
		Debug|Any CPU = Debug|Any CPU
		Release|Any CPU = Release|Any CPU
	EndGlobalSection
	GlobalSection(ProjectConfigurationPlatforms) = postSolution
		{5E4A09EB-65C8-4FF6-AA2D-FAC7733803A8}.Debug|Any CPU.ActiveCfg = Debug|Any CPU
		{5E4A09EB-65C8-4FF6-AA2D-FAC7733803A8}.Debug|Any CPU.Build.0 = Debug|Any CPU
		{5E4A09EB-65C8-4FF6-AA2D-FAC7733803A8}.Release|Any CPU.ActiveCfg = Release|Any CPU
		{5E4A09EB-65C8-4FF6-AA2D-FAC7733803A8}.Release|Any CPU.Build.0 = Release|Any CPU
	EndGlobalSection
	GlobalSection(SolutionProperties) = preSolution
		HideSolutionNode = FALSE
	EndGlobalSection
	GlobalSection(ExtensibilityGlobals) = postSolution
		SolutionGuid = {498E3C86-E723-47AD-9218-5FD1CFBD3A03}
	EndGlobalSection
EndGlobal
